
Microsoft Visual Studio Solution File, Format Version 12.00
# Visual Studio Version 17
VisualStudioVersion = 17.14.36401.2
MinimumVisualStudioVersion = 10.0.40219.1
Project("{FAE04EC0-301F-11D3-BF4B-00C04F79EFBC}") = "SACC Solution", "SACC Solution\SACC Solution.csproj", "{660821EF-3505-46BE-AC02-1110D948BF95}"
EndProject
Global
	GlobalSection(SolutionConfigurationPlatforms) = preSolution
		Debug|Any CPU = Debug|Any CPU
		Release|Any CPU = Release|Any CPU
	EndGlobalSection
	GlobalSection(ProjectConfigurationPlatforms) = postSolution
		{660821EF-3505-46BE-AC02-1110D948BF95}.Debug|Any CPU.ActiveCfg = Debug|Any CPU
		{660821EF-3505-46BE-AC02-1110D948BF95}.Debug|Any CPU.Build.0 = Debug|Any CPU
		{660821EF-3505-46BE-AC02-1110D948BF95}.Release|Any CPU.ActiveCfg = Release|Any CPU
		{660821EF-3505-46BE-AC02-1110D948BF95}.Release|Any CPU.Build.0 = Release|Any CPU
	EndGlobalSection
	GlobalSection(SolutionProperties) = preSolution
		HideSolutionNode = FALSE
	EndGlobalSection
	GlobalSection(ExtensibilityGlobals) = postSolution
		SolutionGuid = {BE9DBB75-B7E6-4565-AA14-F7256F30F8B0}
	EndGlobalSection
EndGlobal
